
Microsoft Visual Studio Solution File, Format Version 12.00
# Visual Studio Version 17
VisualStudioVersion = 17.6.33801.468
MinimumVisualStudioVersion = 10.0.40219.1
Project("{FAE04EC0-301F-11D3-BF4B-00C04F79EFBC}") = "LifestyleeApp", "LifestyleeApp\LifestyleeApp.csproj", "{BB82C6E8-6056-479B-9224-E993D0EEC02D}"
EndProject
Global
	GlobalSection(SolutionConfigurationPlatforms) = preSolution
		Debug|Any CPU = Debug|Any CPU
		Release|Any CPU = Release|Any CPU
	EndGlobalSection
	GlobalSection(ProjectConfigurationPlatforms) = postSolution
		{BB82C6E8-6056-479B-9224-E993D0EEC02D}.Debug|Any CPU.ActiveCfg = Debug|Any CPU
		{BB82C6E8-6056-479B-9224-E993D0EEC02D}.Debug|Any CPU.Build.0 = Debug|Any CPU
		{BB82C6E8-6056-479B-9224-E993D0EEC02D}.Release|Any CPU.ActiveCfg = Release|Any CPU
		{BB82C6E8-6056-479B-9224-E993D0EEC02D}.Release|Any CPU.Build.0 = Release|Any CPU
	EndGlobalSection
	GlobalSection(SolutionProperties) = preSolution
		HideSolutionNode = FALSE
	EndGlobalSection
	GlobalSection(ExtensibilityGlobals) = postSolution
		SolutionGuid = {8AE6D18F-115C-4447-8537-7458EA80BC18}
	EndGlobalSection
EndGlobal
